
Microsoft Visual Studio Solution File, Format Version 12.00
# Visual Studio Version 16
VisualStudioVersion = 16.0.29613.14
MinimumVisualStudioVersion = 10.0.40219.1
Project("{FAE04EC0-301F-11D3-BF4B-00C04F79EFBC}") = "12", "12\12.csproj", "{3441BC2B-4308-4E89-A205-29471D8B3D71}"
EndProject
Project("{FAE04EC0-301F-11D3-BF4B-00C04F79EFBC}") = "Lib_5", "Lib_5\Lib_5.csproj", "{64C7E313-DA4B-45FF-89B7-67F2191B9F49}"
EndProject
Global
	GlobalSection(SolutionConfigurationPlatforms) = preSolution
		Debug|Any CPU = Debug|Any CPU
		Release|Any CPU = Release|Any CPU
	EndGlobalSection
	GlobalSection(ProjectConfigurationPlatforms) = postSolution
		{3441BC2B-4308-4E89-A205-29471D8B3D71}.Debug|Any CPU.ActiveCfg = Debug|Any CPU
		{3441BC2B-4308-4E89-A205-29471D8B3D71}.Debug|Any CPU.Build.0 = Debug|Any CPU
		{3441BC2B-4308-4E89-A205-29471D8B3D71}.Release|Any CPU.ActiveCfg = Release|Any CPU
		{3441BC2B-4308-4E89-A205-29471D8B3D71}.Release|Any CPU.Build.0 = Release|Any CPU
		{64C7E313-DA4B-45FF-89B7-67F2191B9F49}.Debug|Any CPU.ActiveCfg = Debug|Any CPU
		{64C7E313-DA4B-45FF-89B7-67F2191B9F49}.Debug|Any CPU.Build.0 = Debug|Any CPU
		{64C7E313-DA4B-45FF-89B7-67F2191B9F49}.Release|Any CPU.ActiveCfg = Release|Any CPU
		{64C7E313-DA4B-45FF-89B7-67F2191B9F49}.Release|Any CPU.Build.0 = Release|Any CPU
	EndGlobalSection
	GlobalSection(SolutionProperties) = preSolution
		HideSolutionNode = FALSE
	EndGlobalSection
	GlobalSection(ExtensibilityGlobals) = postSolution
		SolutionGuid = {23D31A4F-C013-452E-BB5D-4E819A19106A}
	EndGlobalSection
EndGlobal
